# This is a Gradle generated file for dependency locking.
# Manual edits can break the build and are not advised.
# This file is expected to be part of source control.
com.fasterxml.jackson.core:jackson-annotations:2.6.7
com.fasterxml.jackson.core:jackson-core:2.6.7
com.fasterxml.jackson.core:jackson-databind:2.6.7
com.fasterxml.jackson.datatype:jackson-datatype-jdk8:2.6.7
com.jcraft:jsch:0.1.55
com.sun.xml.bind:jaxb-core:2.2.11
com.sun.xml.bind:jaxb-impl:2.2.11
commons-beanutils:commons-beanutils-core:1.8.3
commons-io:commons-io:2.6
javax.activation:activation:1.1.1
javax.validation:validation-api:1.1.0.Final
javax.xml.bind:jaxb-api:2.2.11
org.apache.bval:bval-core:0.5
org.apache.bval:bval-jsr303:0.5
org.apache.commons:commons-lang3:3.1
org.apache.commons:commons-vfs2:2.2
org.embulk:embulk-util-config:0.3.1
org.embulk:embulk-util-retryhelper:0.8.2
org.slf4j:jcl-over-slf4j:1.7.30
